
Microsoft Visual Studio Solution File, Format Version 12.00
# Visual Studio Version 17
VisualStudioVersion = 17.1.32421.90
MinimumVisualStudioVersion = 10.0.40219.1
Project("{9A19103F-16F7-4668-BE54-9A1E7A4F7556}") = "models", "models\models.csproj", "{F279C880-167C-4556-B567-832F23C8D518}"
EndProject
Project("{9A19103F-16F7-4668-BE54-9A1E7A4F7556}") = "BlazorApp1", "BlazorApp1\BlazorApp1\BlazorApp1.csproj", "{E5DB21C5-C960-4ED6-89DA-FBF2E16E0B72}"
EndProject
Project("{9A19103F-16F7-4668-BE54-9A1E7A4F7556}") = "d1", "d1\d1\d1.csproj", "{4F49DEAD-0A09-4F3B-AA3C-2BCA3A3E44BB}"
EndProject
Global
	GlobalSection(SolutionConfigurationPlatforms) = preSolution
		Debug|Any CPU = Debug|Any CPU
		Release|Any CPU = Release|Any CPU
	EndGlobalSection
	GlobalSection(ProjectConfigurationPlatforms) = postSolution
		{F279C880-167C-4556-B567-832F23C8D518}.Debug|Any CPU.ActiveCfg = Debug|Any CPU
		{F279C880-167C-4556-B567-832F23C8D518}.Debug|Any CPU.Build.0 = Debug|Any CPU
		{F279C880-167C-4556-B567-832F23C8D518}.Release|Any CPU.ActiveCfg = Release|Any CPU
		{F279C880-167C-4556-B567-832F23C8D518}.Release|Any CPU.Build.0 = Release|Any CPU
		{E5DB21C5-C960-4ED6-89DA-FBF2E16E0B72}.Debug|Any CPU.ActiveCfg = Debug|Any CPU
		{E5DB21C5-C960-4ED6-89DA-FBF2E16E0B72}.Debug|Any CPU.Build.0 = Debug|Any CPU
		{E5DB21C5-C960-4ED6-89DA-FBF2E16E0B72}.Release|Any CPU.ActiveCfg = Release|Any CPU
		{E5DB21C5-C960-4ED6-89DA-FBF2E16E0B72}.Release|Any CPU.Build.0 = Release|Any CPU
		{4F49DEAD-0A09-4F3B-AA3C-2BCA3A3E44BB}.Debug|Any CPU.ActiveCfg = Debug|Any CPU
		{4F49DEAD-0A09-4F3B-AA3C-2BCA3A3E44BB}.Debug|Any CPU.Build.0 = Debug|Any CPU
		{4F49DEAD-0A09-4F3B-AA3C-2BCA3A3E44BB}.Release|Any CPU.ActiveCfg = Release|Any CPU
		{4F49DEAD-0A09-4F3B-AA3C-2BCA3A3E44BB}.Release|Any CPU.Build.0 = Release|Any CPU
	EndGlobalSection
	GlobalSection(SolutionProperties) = preSolution
		HideSolutionNode = FALSE
	EndGlobalSection
	GlobalSection(ExtensibilityGlobals) = postSolution
		SolutionGuid = {F64F4034-C83F-42CD-AB92-8EE3505AF4EA}
	EndGlobalSection
EndGlobal
